
Microsoft Visual Studio Solution File, Format Version 12.00
# Visual Studio Version 16
VisualStudioVersion = 16.0.31729.503
MinimumVisualStudioVersion = 10.0.40219.1
Project("{FAE04EC0-301F-11D3-BF4B-00C04F79EFBC}") = "LTB2", "LTB2.csproj", "{057199DA-5EA5-4FB6-8FB3-7F802A75E2B4}"
EndProject
Global
	GlobalSection(SolutionConfigurationPlatforms) = preSolution
		Debug|Any CPU = Debug|Any CPU
		Release|Any CPU = Release|Any CPU
	EndGlobalSection
	GlobalSection(ProjectConfigurationPlatforms) = postSolution
		{057199DA-5EA5-4FB6-8FB3-7F802A75E2B4}.Debug|Any CPU.ActiveCfg = Debug|Any CPU
		{057199DA-5EA5-4FB6-8FB3-7F802A75E2B4}.Debug|Any CPU.Build.0 = Debug|Any CPU
		{057199DA-5EA5-4FB6-8FB3-7F802A75E2B4}.Release|Any CPU.ActiveCfg = Release|Any CPU
		{057199DA-5EA5-4FB6-8FB3-7F802A75E2B4}.Release|Any CPU.Build.0 = Release|Any CPU
	EndGlobalSection
	GlobalSection(SolutionProperties) = preSolution
		HideSolutionNode = FALSE
	EndGlobalSection
	GlobalSection(ExtensibilityGlobals) = postSolution
		SolutionGuid = {8084E894-8446-420A-9409-A627A6B5A3B8}
	EndGlobalSection
EndGlobal
